
Microsoft Visual Studio Solution File, Format Version 12.00
# Visual Studio Version 17
VisualStudioVersion = 17.3.32922.545
MinimumVisualStudioVersion = 10.0.40219.1
Project("{FAE04EC0-301F-11D3-BF4B-00C04F79EFBC}") = "CustomStack", "customStack\CustomStack.csproj", "{F5740BEC-6F8D-4E61-BCAD-52D3562D9EB5}"
EndProject
Project("{FAE04EC0-301F-11D3-BF4B-00C04F79EFBC}") = "Program", "Main\Program.csproj", "{F1AB32A7-C7F7-4A35-81E4-2DA4ED1493BD}"
EndProject
Global
	GlobalSection(SolutionConfigurationPlatforms) = preSolution
		Debug|Any CPU = Debug|Any CPU
		Release|Any CPU = Release|Any CPU
	EndGlobalSection
	GlobalSection(ProjectConfigurationPlatforms) = postSolution
		{F5740BEC-6F8D-4E61-BCAD-52D3562D9EB5}.Debug|Any CPU.ActiveCfg = Debug|Any CPU
		{F5740BEC-6F8D-4E61-BCAD-52D3562D9EB5}.Debug|Any CPU.Build.0 = Debug|Any CPU
		{F5740BEC-6F8D-4E61-BCAD-52D3562D9EB5}.Release|Any CPU.ActiveCfg = Release|Any CPU
		{F5740BEC-6F8D-4E61-BCAD-52D3562D9EB5}.Release|Any CPU.Build.0 = Release|Any CPU
		{F1AB32A7-C7F7-4A35-81E4-2DA4ED1493BD}.Debug|Any CPU.ActiveCfg = Debug|Any CPU
		{F1AB32A7-C7F7-4A35-81E4-2DA4ED1493BD}.Debug|Any CPU.Build.0 = Debug|Any CPU
		{F1AB32A7-C7F7-4A35-81E4-2DA4ED1493BD}.Release|Any CPU.ActiveCfg = Release|Any CPU
		{F1AB32A7-C7F7-4A35-81E4-2DA4ED1493BD}.Release|Any CPU.Build.0 = Release|Any CPU
	EndGlobalSection
	GlobalSection(SolutionProperties) = preSolution
		HideSolutionNode = FALSE
	EndGlobalSection
	GlobalSection(ExtensibilityGlobals) = postSolution
		SolutionGuid = {725E1C38-2648-4084-BA1D-129E8BF14BD4}
	EndGlobalSection
EndGlobal
